// !$*UTF8*$!
{
	archiveVersion = 1;
	classes = {
	};
	objectVersion = 50;
	objects = {

/* Begin PBXBuildFile section */
		23019E08C58A74A45B0D09B5 /* Pods_beefalo.framework in Frameworks */ = {isa = PBXBuildFile; fileRef = 5CB6D9F7E7890CE73F38C32A /* Pods_beefalo.framework */; };
		681EB02E92C8D2BD5BD003A7 /* Pods_beefaloTests.framework in Frameworks */ = {isa = PBXBuildFile; fileRef = B43A8B9800CFC1DEDC6404EC /* Pods_beefaloTests.framework */; };
		F79023D621A3A9AC0096FF26 /* PeelResponse.swift in Sources */ = {isa = PBXBuildFile; fileRef = F79023D521A3A9AC0096FF26 /* PeelResponse.swift */; };
		F7A42E0521A39A8B00EECDCD /* AppDelegate.swift in Sources */ = {isa = PBXBuildFile; fileRef = F7A42E0421A39A8B00EECDCD /* AppDelegate.swift */; };
		F7A42E0721A39A8B00EECDCD /* ViewController.swift in Sources */ = {isa = PBXBuildFile; fileRef = F7A42E0621A39A8B00EECDCD /* ViewController.swift */; };
		F7A42E0A21A39A8B00EECDCD /* Main.storyboard in Resources */ = {isa = PBXBuildFile; fileRef = F7A42E0821A39A8B00EECDCD /* Main.storyboard */; };
		F7A42E0C21A39A8D00EECDCD /* Assets.xcassets in Resources */ = {isa = PBXBuildFile; fileRef = F7A42E0B21A39A8D00EECDCD /* Assets.xcassets */; };
		F7A42E0F21A39A8D00EECDCD /* LaunchScreen.storyboard in Resources */ = {isa = PBXBuildFile; fileRef = F7A42E0D21A39A8D00EECDCD /* LaunchScreen.storyboard */; };
		F7A42E1A21A39A8D00EECDCD /* beefaloTests.swift in Sources */ = {isa = PBXBuildFile; fileRef = F7A42E1921A39A8D00EECDCD /* beefaloTests.swift */; };
/* End PBXBuildFile section */

/* Begin PBXContainerItemProxy section */
		F7A42E1621A39A8D00EECDCD /* PBXContainerItemProxy */ = {
			isa = PBXContainerItemProxy;
			containerPortal = F7A42DF921A39A8B00EECDCD /* Project object */;
			proxyType = 1;
			remoteGlobalIDString = F7A42E0021A39A8B00EECDCD;
			remoteInfo = beefalo;
		};
/* End PBXContainerItemProxy section */

/* Begin PBXFileReference section */
		20B75303B006C1FC33DDB847 /* Pods-beefalo.debug.xcconfig */ = {isa = PBXFileReference; includeInIndex = 1; lastKnownFileType = text.xcconfig; name = "Pods-beefalo.debug.xcconfig"; path = "Pods/Target Support Files/Pods-beefalo/Pods-beefalo.debug.xcconfig"; sourceTree = "<group>"; };
		5CB6D9F7E7890CE73F38C32A /* Pods_beefalo.framework */ = {isa = PBXFileReference; explicitFileType = wrapper.framework; includeInIndex = 0; path = Pods_beefalo.framework; sourceTree = BUILT_PRODUCTS_DIR; };
		8A90DC016C74FF660F105382 /* Pods-beefaloTests.debug.xcconfig */ = {isa = PBXFileReference; includeInIndex = 1; lastKnownFileType = text.xcconfig; name = "Pods-beefaloTests.debug.xcconfig"; path = "Pods/Target Support Files/Pods-beefaloTests/Pods-beefaloTests.debug.xcconfig"; sourceTree = "<group>"; };
		B43408BA18A823CDB2D05DC2 /* Pods-beefaloTests.release.xcconfig */ = {isa = PBXFileReference; includeInIndex = 1; lastKnownFileType = text.xcconfig; name = "Pods-beefaloTests.release.xcconfig"; path = "Pods/Target Support Files/Pods-beefaloTests/Pods-beefaloTests.release.xcconfig"; sourceTree = "<group>"; };
		B43A8B9800CFC1DEDC6404EC /* Pods_beefaloTests.framework */ = {isa = PBXFileReference; explicitFileType = wrapper.framework; includeInIndex = 0; path = Pods_beefaloTests.framework; sourceTree = BUILT_PRODUCTS_DIR; };
		BF2B25A555C2AB2A5C13E544 /* Pods-beefalo.release.xcconfig */ = {isa = PBXFileReference; includeInIndex = 1; lastKnownFileType = text.xcconfig; name = "Pods-beefalo.release.xcconfig"; path = "Pods/Target Support Files/Pods-beefalo/Pods-beefalo.release.xcconfig"; sourceTree = "<group>"; };
		F79023D521A3A9AC0096FF26 /* PeelResponse.swift */ = {isa = PBXFileReference; lastKnownFileType = sourcecode.swift; path = PeelResponse.swift; sourceTree = "<group>"; };
		F7A42E0121A39A8B00EECDCD /* beefalo.app */ = {isa = PBXFileReference; explicitFileType = wrapper.application; includeInIndex = 0; path = beefalo.app; sourceTree = BUILT_PRODUCTS_DIR; };
		F7A42E0421A39A8B00EECDCD /* AppDelegate.swift */ = {isa = PBXFileReference; lastKnownFileType = sourcecode.swift; path = AppDelegate.swift; sourceTree = "<group>"; };
		F7A42E0621A39A8B00EECDCD /* ViewController.swift */ = {isa = PBXFileReference; lastKnownFileType = sourcecode.swift; path = ViewController.swift; sourceTree = "<group>"; };
		F7A42E0921A39A8B00EECDCD /* Base */ = {isa = PBXFileReference; lastKnownFileType = file.storyboard; name = Base; path = Base.lproj/Main.storyboard; sourceTree = "<group>"; };
		F7A42E0B21A39A8D00EECDCD /* Assets.xcassets */ = {isa = PBXFileReference; lastKnownFileType = folder.assetcatalog; path = Assets.xcassets; sourceTree = "<group>"; };
		F7A42E0E21A39A8D00EECDCD /* Base */ = {isa = PBXFileReference; lastKnownFileType = file.storyboard; name = Base; path = Base.lproj/LaunchScreen.storyboard; sourceTree = "<group>"; };
		F7A42E1021A39A8D00EECDCD /* Info.plist */ = {isa = PBXFileReference; lastKnownFileType = text.plist.xml; path = Info.plist; sourceTree = "<group>"; };
		F7A42E1521A39A8D00EECDCD /* beefaloTests.xctest */ = {isa = PBXFileReference; explicitFileType = wrapper.cfbundle; includeInIndex = 0; path = beefaloTests.xctest; sourceTree = BUILT_PRODUCTS_DIR; };
		F7A42E1921A39A8D00EECDCD /* beefaloTests.swift */ = {isa = PBXFileReference; lastKnownFileType = sourcecode.swift; path = beefaloTests.swift; sourceTree = "<group>"; };
		F7A42E1B21A39A8D00EECDCD /* Info.plist */ = {isa = PBXFileReference; lastKnownFileType = text.plist.xml; path = Info.plist; sourceTree = "<group>"; };
/* End PBXFileReference section */

/* Begin PBXFrameworksBuildPhase section */
		F7A42DFE21A39A8B00EECDCD /* Frameworks */ = {
			isa = PBXFrameworksBuildPhase;
			buildActionMask = 2147483647;
			files = (
				23019E08C58A74A45B0D09B5 /* Pods_beefalo.framework in Frameworks */,
			);
			runOnlyForDeploymentPostprocessing = 0;
		};
		F7A42E1221A39A8D00EECDCD /* Frameworks */ = {
			isa = PBXFrameworksBuildPhase;
			buildActionMask = 2147483647;
			files = (
				681EB02E92C8D2BD5BD003A7 /* Pods_beefaloTests.framework in Frameworks */,
			);
			runOnlyForDeploymentPostprocessing = 0;
		};
/* End PBXFrameworksBuildPhase section */

/* Begin PBXGroup section */
		0772DC05A25DAC07634F1616 /* Pods */ = {
			isa = PBXGroup;
			children = (
				20B75303B006C1FC33DDB847 /* Pods-beefalo.debug.xcconfig */,
				BF2B25A555C2AB2A5C13E544 /* Pods-beefalo.release.xcconfig */,
				8A90DC016C74FF660F105382 /* Pods-beefaloTests.debug.xcconfig */,
				B43408BA18A823CDB2D05DC2 /* Pods-beefaloTests.release.xcconfig */,
			);
			name = Pods;
			sourceTree = "<group>";
		};
		DDEED20177AE0023034A8990 /* Frameworks */ = {
			isa = PBXGroup;
			children = (
				5CB6D9F7E7890CE73F38C32A /* Pods_beefalo.framework */,
				B43A8B9800CFC1DEDC6404EC /* Pods_beefaloTests.framework */,
			);
			name = Frameworks;
			sourceTree = "<group>";
		};
		F7A42DF821A39A8B00EECDCD = {
			isa = PBXGroup;
			children = (
				F7A42E0321A39A8B00EECDCD /* beefalo */,
				F7A42E1821A39A8D00EECDCD /* beefaloTests */,
				F7A42E0221A39A8B00EECDCD /* Products */,
				0772DC05A25DAC07634F1616 /* Pods */,
				DDEED20177AE0023034A8990 /* Frameworks */,
			);
			sourceTree = "<group>";
		};
		F7A42E0221A39A8B00EECDCD /* Products */ = {
			isa = PBXGroup;
			children = (
				F7A42E0121A39A8B00EECDCD /* beefalo.app */,
				F7A42E1521A39A8D00EECDCD /* beefaloTests.xctest */,
			);
			name = Products;
			sourceTree = "<group>";
		};
		F7A42E0321A39A8B00EECDCD /* beefalo */ = {
			isa = PBXGroup;
			children = (
				F7A42E0421A39A8B00EECDCD /* AppDelegate.swift */,
				F7A42E0621A39A8B00EECDCD /* ViewController.swift */,
				F7A42E0821A39A8B00EECDCD /* Main.storyboard */,
				F7A42E0B21A39A8D00EECDCD /* Assets.xcassets */,
				F7A42E0D21A39A8D00EECDCD /* LaunchScreen.storyboard */,
				F7A42E1021A39A8D00EECDCD /* Info.plist */,
				F79023D521A3A9AC0096FF26 /* PeelResponse.swift */,
			);
			path = beefalo;
			sourceTree = "<group>";
		};
		F7A42E1821A39A8D00EECDCD /* beefaloTests */ = {
			isa = PBXGroup;
			children = (
				F7A42E1921A39A8D00EECDCD /* beefaloTests.swift */,
				F7A42E1B21A39A8D00EECDCD /* Info.plist */,
			);
			path = beefaloTests;
			sourceTree = "<group>";
		};
/* End PBXGroup section */

/* Begin PBXNativeTarget section */
		F7A42E0021A39A8B00EECDCD /* beefalo */ = {
			isa = PBXNativeTarget;
			buildConfigurationList = F7A42E1E21A39A8D00EECDCD /* Build configuration list for PBXNativeTarget "beefalo" */;
			buildPhases = (
				04EAECA9DC2F63E871DFEF95 /* [CP] Check Pods Manifest.lock */,
				F7A42DFD21A39A8B00EECDCD /* Sources */,
				F7A42DFE21A39A8B00EECDCD /* Frameworks */,
				F7A42DFF21A39A8B00EECDCD /* Resources */,
				6920096BB3B5A53BBE69135E /* [CP] Embed Pods Frameworks */,
			);
			buildRules = (
			);
			dependencies = (
			);
			name = beefalo;
			productName = beefalo;
			productReference = F7A42E0121A39A8B00EECDCD /* beefalo.app */;
			productType = "com.apple.product-type.application";
		};
		F7A42E1421A39A8D00EECDCD /* beefaloTests */ = {
			isa = PBXNativeTarget;
			buildConfigurationList = F7A42E2121A39A8D00EECDCD /* Build configuration list for PBXNativeTarget "beefaloTests" */;
			buildPhases = (
				6E250E3923C1F98685B74B08 /* [CP] Check Pods Manifest.lock */,
				F7A42E1121A39A8D00EECDCD /* Sources */,
				F7A42E1221A39A8D00EECDCD /* Frameworks */,
				F7A42E1321A39A8D00EECDCD /* Resources */,
			);
			buildRules = (
			);
			dependencies = (
				F7A42E1721A39A8D00EECDCD /* PBXTargetDependency */,
			);
			name = beefaloTests;
			productName = beefaloTests;
			productReference = F7A42E1521A39A8D00EECDCD /* beefaloTests.xctest */;
			productType = "com.apple.product-type.bundle.unit-test";
		};
/* End PBXNativeTarget section */

/* Begin PBXProject section */
		F7A42DF921A39A8B00EECDCD /* Project object */ = {
			isa = PBXProject;
			attributes = {
				LastSwiftUpdateCheck = 0930;
				LastUpgradeCheck = 0930;
				TargetAttributes = {
					F7A42E0021A39A8B00EECDCD = {
						CreatedOnToolsVersion = 9.3.1;
					};
					F7A42E1421A39A8D00EECDCD = {
						CreatedOnToolsVersion = 9.3.1;
						TestTargetID = F7A42E0021A39A8B00EECDCD;
					};
				};
			};
			buildConfigurationList = F7A42DFC21A39A8B00EECDCD /* Build configuration list for PBXProject "beefalo" */;
			compatibilityVersion = "Xcode 9.3";
			developmentRegion = en;
			hasScannedForEncodings = 0;
			knownRegions = (
				en,
				Base,
			);
			mainGroup = F7A42DF821A39A8B00EECDCD;
			productRefGroup = F7A42E0221A39A8B00EECDCD /* Products */;
			projectDirPath = "";
			projectRoot = "";
			targets = (
				F7A42E0021A39A8B00EECDCD /* beefalo */,
				F7A42E1421A39A8D00EECDCD /* beefaloTests */,
			);
		};
/* End PBXProject section */

/* Begin PBXResourcesBuildPhase section */
		F7A42DFF21A39A8B00EECDCD /* Resources */ = {
			isa = PBXResourcesBuildPhase;
			buildActionMask = 2147483647;
			files = (
				F7A42E0F21A39A8D00EECDCD /* LaunchScreen.storyboard in Resources */,
				F7A42E0C21A39A8D00EECDCD /* Assets.xcassets in Resources */,
				F7A42E0A21A39A8B00EECDCD /* Main.storyboard in Resources */,
			);
			runOnlyForDeploymentPostprocessing = 0;
		};
		F7A42E1321A39A8D00EECDCD /* Resources */ = {
			isa = PBXResourcesBuildPhase;
			buildActionMask = 2147483647;
			files = (
			);
			runOnlyForDeploymentPostprocessing = 0;
		};
/* End PBXResourcesBuildPhase section */

/* Begin PBXShellScriptBuildPhase section */
		04EAECA9DC2F63E871DFEF95 /* [CP] Check Pods Manifest.lock */ = {
			isa = PBXShellScriptBuildPhase;
			buildActionMask = 2147483647;
			files = (
			);
			inputPaths = (
				"${PODS_PODFILE_DIR_PATH}/Podfile.lock",
				"${PODS_ROOT}/Manifest.lock",
			);
			name = "[CP] Check Pods Manifest.lock";
			outputPaths = (
				"$(DERIVED_FILE_DIR)/Pods-beefalo-checkManifestLockResult.txt",
			);
			runOnlyForDeploymentPostprocessing = 0;
			shellPath = /bin/sh;
			shellScript = "diff \"${PODS_PODFILE_DIR_PATH}/Podfile.lock\" \"${PODS_ROOT}/Manifest.lock\" > /dev/null\nif [ $? != 0 ] ; then\n    # print error to STDERR\n    echo \"error: The sandbox is not in sync with the Podfile.lock. Run 'pod install' or update your CocoaPods installation.\" >&2\n    exit 1\nfi\n# This output is used by Xcode 'outputs' to avoid re-running this script phase.\necho \"SUCCESS\" > \"${SCRIPT_OUTPUT_FILE_0}\"\n";
			showEnvVarsInLog = 0;
		};
		6920096BB3B5A53BBE69135E /* [CP] Embed Pods Frameworks */ = {
			isa = PBXShellScriptBuildPhase;
			buildActionMask = 2147483647;
			files = (
			);
			inputPaths = (
				"${SRCROOT}/Pods/Target Support Files/Pods-beefalo/Pods-beefalo-frameworks.sh",
				"${BUILT_PRODUCTS_DIR}/Alamofire/Alamofire.framework",
				"${BUILT_PRODUCTS_DIR}/AlamofireObjectMapper/AlamofireObjectMapper.framework",
				"${BUILT_PRODUCTS_DIR}/ObjectMapper/ObjectMapper.framework",
			);
			name = "[CP] Embed Pods Frameworks";
			outputPaths = (
				"${TARGET_BUILD_DIR}/${FRAMEWORKS_FOLDER_PATH}/Alamofire.framework",
				"${TARGET_BUILD_DIR}/${FRAMEWORKS_FOLDER_PATH}/AlamofireObjectMapper.framework",
				"${TARGET_BUILD_DIR}/${FRAMEWORKS_FOLDER_PATH}/ObjectMapper.framework",
			);
			runOnlyForDeploymentPostprocessing = 0;
			shellPath = /bin/sh;
			shellScript = "\"${SRCROOT}/Pods/Target Support Files/Pods-beefalo/Pods-beefalo-frameworks.sh\"\n";
			showEnvVarsInLog = 0;
		};
		6E250E3923C1F98685B74B08 /* [CP] Check Pods Manifest.lock */ = {
			isa = PBXShellScriptBuildPhase;
			buildActionMask = 2147483647;
			files = (
			);
			inputPaths = (
				"${PODS_PODFILE_DIR_PATH}/Podfile.lock",
				"${PODS_ROOT}/Manifest.lock",
			);
			name = "[CP] Check Pods Manifest.lock";
			outputPaths = (
				"$(DERIVED_FILE_DIR)/Pods-beefaloTests-checkManifestLockResult.txt",
			);
			runOnlyForDeploymentPostprocessing = 0;
			shellPath = /bin/sh;
			shellScript = "diff \"${PODS_PODFILE_DIR_PATH}/Podfile.lock\" \"${PODS_ROOT}/Manifest.lock\" > /dev/null\nif [ $? != 0 ] ; then\n    # print error to STDERR\n    echo \"error: The sandbox is not in sync with the Podfile.lock. Run 'pod install' or update your CocoaPods installation.\" >&2\n    exit 1\nfi\n# This output is used by Xcode 'outputs' to avoid re-running this script phase.\necho \"SUCCESS\" > \"${SCRIPT_OUTPUT_FILE_0}\"\n";
			showEnvVarsInLog = 0;
		};
/* End PBXShellScriptBuildPhase section */

/* Begin PBXSourcesBuildPhase section */
		F7A42DFD21A39A8B00EECDCD /* Sources */ = {
			isa = PBXSourcesBuildPhase;
			buildActionMask = 2147483647;
			files = (
				F7A42E0721A39A8B00EECDCD /* ViewController.swift in Sources */,
				F79023D621A3A9AC0096FF26 /* PeelResponse.swift in Sources */,
				F7A42E0521A39A8B00EECDCD /* AppDelegate.swift in Sources */,
			);
			runOnlyForDeploymentPostprocessing = 0;
		};
		F7A42E1121A39A8D00EECDCD /* Sources */ = {
			isa = PBXSourcesBuildPhase;
			buildActionMask = 2147483647;
			files = (
				F7A42E1A21A39A8D00EECDCD /* beefaloTests.swift in Sources */,
			);
			runOnlyForDeploymentPostprocessing = 0;
		};
/* End PBXSourcesBuildPhase section */

/* Begin PBXTargetDependency section */
		F7A42E1721A39A8D00EECDCD /* PBXTargetDependency */ = {
			isa = PBXTargetDependency;
			target = F7A42E0021A39A8B00EECDCD /* beefalo */;
			targetProxy = F7A42E1621A39A8D00EECDCD /* PBXContainerItemProxy */;
		};
/* End PBXTargetDependency section */

/* Begin PBXVariantGroup section */
		F7A42E0821A39A8B00EECDCD /* Main.storyboard */ = {
			isa = PBXVariantGroup;
			children = (
				F7A42E0921A39A8B00EECDCD /* Base */,
			);
			name = Main.storyboard;
			sourceTree = "<group>";
		};
		F7A42E0D21A39A8D00EECDCD /* LaunchScreen.storyboard */ = {
			isa = PBXVariantGroup;
			children = (
				F7A42E0E21A39A8D00EECDCD /* Base */,
			);
			name = LaunchScreen.storyboard;
			sourceTree = "<group>";
		};
/* End PBXVariantGroup section */

/* Begin XCBuildConfiguration section */
		F7A42E1C21A39A8D00EECDCD /* Debug */ = {
			isa = XCBuildConfiguration;
			buildSettings = {
				ALWAYS_SEARCH_USER_PATHS = NO;
				CLANG_ANALYZER_NONNULL = YES;
				CLANG_ANALYZER_NUMBER_OBJECT_CONVERSION = YES_AGGRESSIVE;
				CLANG_CXX_LANGUAGE_STANDARD = "gnu++14";
				CLANG_CXX_LIBRARY = "libc++";
				CLANG_ENABLE_MODULES = YES;
				CLANG_ENABLE_OBJC_ARC = YES;
				CLANG_ENABLE_OBJC_WEAK = YES;
				CLANG_WARN_BLOCK_CAPTURE_AUTORELEASING = YES;
				CLANG_WARN_BOOL_CONVERSION = YES;
				CLANG_WARN_COMMA = YES;
				CLANG_WARN_CONSTANT_CONVERSION = YES;
				CLANG_WARN_DEPRECATED_OBJC_IMPLEMENTATIONS = YES;
				CLANG_WARN_DIRECT_OBJC_ISA_USAGE = YES_ERROR;
				CLANG_WARN_DOCUMENTATION_COMMENTS = YES;
				CLANG_WARN_EMPTY_BODY = YES;
				CLANG_WARN_ENUM_CONVERSION = YES;
				CLANG_WARN_INFINITE_RECURSION = YES;
				CLANG_WARN_INT_CONVERSION = YES;
				CLANG_WARN_NON_LITERAL_NULL_CONVERSION = YES;
				CLANG_WARN_OBJC_IMPLICIT_RETAIN_SELF = YES;
				CLANG_WARN_OBJC_LITERAL_CONVERSION = YES;
				CLANG_WARN_OBJC_ROOT_CLASS = YES_ERROR;
				CLANG_WARN_RANGE_LOOP_ANALYSIS = YES;
				CLANG_WARN_STRICT_PROTOTYPES = YES;
				CLANG_WARN_SUSPICIOUS_MOVE = YES;
				CLANG_WARN_UNGUARDED_AVAILABILITY = YES_AGGRESSIVE;
				CLANG_WARN_UNREACHABLE_CODE = YES;
				CLANG_WARN__DUPLICATE_METHOD_MATCH = YES;
				CODE_SIGN_IDENTITY = "iPhone Developer";
				COPY_PHASE_STRIP = NO;
				DEBUG_INFORMATION_FORMAT = dwarf;
				ENABLE_STRICT_OBJC_MSGSEND = YES;
				ENABLE_TESTABILITY = YES;
				GCC_C_LANGUAGE_STANDARD = gnu11;
				GCC_DYNAMIC_NO_PIC = NO;
				GCC_NO_COMMON_BLOCKS = YES;
				GCC_OPTIMIZATION_LEVEL = 0;
				GCC_PREPROCESSOR_DEFINITIONS = (
					"DEBUG=1",
					"$(inherited)",
				);
				GCC_WARN_64_TO_32_BIT_CONVERSION = YES;
				GCC_WARN_ABOUT_RETURN_TYPE = YES_ERROR;
				GCC_WARN_UNDECLARED_SELECTOR = YES;
				GCC_WARN_UNINITIALIZED_AUTOS = YES_AGGRESSIVE;
				GCC_WARN_UNUSED_FUNCTION = YES;
				GCC_WARN_UNUSED_VARIABLE = YES;
				IPHONEOS_DEPLOYMENT_TARGET = 11.3;
				MTL_ENABLE_DEBUG_INFO = YES;
				ONLY_ACTIVE_ARCH = YES;
				SDKROOT = iphoneos;
				SWIFT_ACTIVE_COMPILATION_CONDITIONS = DEBUG;
				SWIFT_OPTIMIZATION_LEVEL = "-Onone";
			};
			name = Debug;
		};
		F7A42E1D21A39A8D00EECDCD /* Release */ = {
			isa = XCBuildConfiguration;
			buildSettings = {
				ALWAYS_SEARCH_USER_PATHS = NO;
				CLANG_ANALYZER_NONNULL = YES;
				CLANG_ANALYZER_NUMBER_OBJECT_CONVERSION = YES_AGGRESSIVE;
				CLANG_CXX_LANGUAGE_STANDARD = "gnu++14";
				CLANG_CXX_LIBRARY = "libc++";
				CLANG_ENABLE_MODULES = YES;
				CLANG_ENABLE_OBJC_ARC = YES;
				CLANG_ENABLE_OBJC_WEAK = YES;
				CLANG_WARN_BLOCK_CAPTURE_AUTORELEASING = YES;
				CLANG_WARN_BOOL_CONVERSION = YES;
				CLANG_WARN_COMMA = YES;
				CLANG_WARN_CONSTANT_CONVERSION = YES;
				CLANG_WARN_DEPRECATED_OBJC_IMPLEMENTATIONS = YES;
				CLANG_WARN_DIRECT_OBJC_ISA_USAGE = YES_ERROR;
				CLANG_WARN_DOCUMENTATION_COMMENTS = YES;
				CLANG_WARN_EMPTY_BODY = YES;
				CLANG_WARN_ENUM_CONVERSION = YES;
				CLANG_WARN_INFINITE_RECURSION = YES;
				CLANG_WARN_INT_CONVERSION = YES;
				CLANG_WARN_NON_LITERAL_NULL_CONVERSION = YES;
				CLANG_WARN_OBJC_IMPLICIT_RETAIN_SELF = YES;
				CLANG_WARN_OBJC_LITERAL_CONVERSION = YES;
				CLANG_WARN_OBJC_ROOT_CLASS = YES_ERROR;
				CLANG_WARN_RANGE_LOOP_ANALYSIS = YES;
				CLANG_WARN_STRICT_PROTOTYPES = YES;
				CLANG_WARN_SUSPICIOUS_MOVE = YES;
				CLANG_WARN_UNGUARDED_AVAILABILITY = YES_AGGRESSIVE;
				CLANG_WARN_UNREACHABLE_CODE = YES;
				CLANG_WARN__DUPLICATE_METHOD_MATCH = YES;
				CODE_SIGN_IDENTITY = "iPhone Developer";
				COPY_PHASE_STRIP = NO;
				DEBUG_INFORMATION_FORMAT = "dwarf-with-dsym";
				ENABLE_NS_ASSERTIONS = NO;
				ENABLE_STRICT_OBJC_MSGSEND = YES;
				GCC_C_LANGUAGE_STANDARD = gnu11;
				GCC_NO_COMMON_BLOCKS = YES;
				GCC_WARN_64_TO_32_BIT_CONVERSION = YES;
				GCC_WARN_ABOUT_RETURN_TYPE = YES_ERROR;
				GCC_WARN_UNDECLARED_SELECTOR = YES;
				GCC_WARN_UNINITIALIZED_AUTOS = YES_AGGRESSIVE;
				GCC_WARN_UNUSED_FUNCTION = YES;
				GCC_WARN_UNUSED_VARIABLE = YES;
				IPHONEOS_DEPLOYMENT_TARGET = 11.3;
				MTL_ENABLE_DEBUG_INFO = NO;
				SDKROOT = iphoneos;
				SWIFT_COMPILATION_MODE = wholemodule;
				SWIFT_OPTIMIZATION_LEVEL = "-O";
				VALIDATE_PRODUCT = YES;
			};
			name = Release;
		};
		F7A42E1F21A39A8D00EECDCD /* Debug */ = {
			isa = XCBuildConfiguration;
			baseConfigurationReference = 20B75303B006C1FC33DDB847 /* Pods-beefalo.debug.xcconfig */;
			buildSettings = {
				ASSETCATALOG_COMPILER_APPICON_NAME = AppIcon;
				CODE_SIGN_STYLE = Automatic;
				INFOPLIST_FILE = beefalo/Info.plist;
				LD_RUNPATH_SEARCH_PATHS = (
					"$(inherited)",
					"@executable_path/Frameworks",
				);
				PRODUCT_BUNDLE_IDENTIFIER = com.example.beefalo;
				PRODUCT_NAME = "$(TARGET_NAME)";
				SWIFT_VERSION = 4.0;
				TARGETED_DEVICE_FAMILY = "1,2";
			};
			name = Debug;
		};
		F7A42E2021A39A8D00EECDCD /* Release */ = {
			isa = XCBuildConfiguration;
			baseConfigurationReference = BF2B25A555C2AB2A5C13E544 /* Pods-beefalo.release.xcconfig */;
			buildSettings = {
				ASSETCATALOG_COMPILER_APPICON_NAME = AppIcon;
				CODE_SIGN_STYLE = Automatic;
				INFOPLIST_FILE = beefalo/Info.plist;
				LD_RUNPATH_SEARCH_PATHS = (
					"$(inherited)",
					"@executable_path/Frameworks",
				);
				PRODUCT_BUNDLE_IDENTIFIER = com.example.beefalo;
				PRODUCT_NAME = "$(TARGET_NAME)";
				SWIFT_VERSION = 4.0;
				TARGETED_DEVICE_FAMILY = "1,2";
			};
			name = Release;
		};
		F7A42E2221A39A8D00EECDCD /* Debug */ = {
			isa = XCBuildConfiguration;
			baseConfigurationReference = 8A90DC016C74FF660F105382 /* Pods-beefaloTests.debug.xcconfig */;
			buildSettings = {
				ALWAYS_EMBED_SWIFT_STANDARD_LIBRARIES = YES;
				BUNDLE_LOADER = "$(TEST_HOST)";
				CODE_SIGN_STYLE = Automatic;
				INFOPLIST_FILE = beefaloTests/Info.plist;
				LD_RUNPATH_SEARCH_PATHS = (
					"$(inherited)",
					"@executable_path/Frameworks",
					"@loader_path/Frameworks",
				);
				PRODUCT_BUNDLE_IDENTIFIER = com.example.beefaloTests;
				PRODUCT_NAME = "$(TARGET_NAME)";
				SWIFT_VERSION = 4.0;
				TARGETED_DEVICE_FAMILY = "1,2";
				TEST_HOST = "$(BUILT_PRODUCTS_DIR)/beefalo.app/beefalo";
			};
			name = Debug;
		};
		F7A42E2321A39A8D00EECDCD /* Release */ = {
			isa = XCBuildConfiguration;
			baseConfigurationReference = B43408BA18A823CDB2D05DC2 /* Pods-beefaloTests.release.xcconfig */;
			buildSettings = {
				ALWAYS_EMBED_SWIFT_STANDARD_LIBRARIES = YES;
				BUNDLE_LOADER = "$(TEST_HOST)";
				CODE_SIGN_STYLE = Automatic;
				INFOPLIST_FILE = beefaloTests/Info.plist;
				LD_RUNPATH_SEARCH_PATHS = (
					"$(inherited)",
					"@executable_path/Frameworks",
					"@loader_path/Frameworks",
				);
				PRODUCT_BUNDLE_IDENTIFIER = com.example.beefaloTests;
				PRODUCT_NAME = "$(TARGET_NAME)";
				SWIFT_VERSION = 4.0;
				TARGETED_DEVICE_FAMILY = "1,2";
				TEST_HOST = "$(BUILT_PRODUCTS_DIR)/beefalo.app/beefalo";
			};
			name = Release;
		};
/* End XCBuildConfiguration section */

/* Begin XCConfigurationList section */
		F7A42DFC21A39A8B00EECDCD /* Build configuration list for PBXProject "beefalo" */ = {
			isa = XCConfigurationList;
			buildConfigurations = (
				F7A42E1C21A39A8D00EECDCD /* Debug */,
				F7A42E1D21A39A8D00EECDCD /* Release */,
			);
			defaultConfigurationIsVisible = 0;
			defaultConfigurationName = Release;
		};
		F7A42E1E21A39A8D00EECDCD /* Build configuration list for PBXNativeTarget "beefalo" */ = {
			isa = XCConfigurationList;
			buildConfigurations = (
				F7A42E1F21A39A8D00EECDCD /* Debug */,
				F7A42E2021A39A8D00EECDCD /* Release */,
			);
			defaultConfigurationIsVisible = 0;
			defaultConfigurationName = Release;
		};
		F7A42E2121A39A8D00EECDCD /* Build configuration list for PBXNativeTarget "beefaloTests" */ = {
			isa = XCConfigurationList;
			buildConfigurations = (
				F7A42E2221A39A8D00EECDCD /* Debug */,
				F7A42E2321A39A8D00EECDCD /* Release */,
			);
			defaultConfigurationIsVisible = 0;
			defaultConfigurationName = Release;
		};
/* End XCConfigurationList section */
	};
	rootObject = F7A42DF921A39A8B00EECDCD /* Project object */;
}
